apiVersion: vendir.k14s.io/v1alpha1
directories:
- contents:
  - git:
      commitTitle: Initial commit
      sha: 5a8b8517a0aa7accc3d077424973959db907b1c5
    path: .
  path: base
- contents:
  - git:
      commitTitle: 'feat: handle install-brew and install-mise provision flags...'
      sha: 1fa1ec7527f66b82cf467588d37f00e56090644a
    path: .
  path: shared
- contents:
  - git:
      commitTitle: Initial commit
      sha: 51b19b3a752058d17a9d103e1dd3313faf2328f3
    path: .
  path: server
- contents:
  - git:
      commitTitle: Initial commit
      sha: 2a6043ab94c826d4c256e7d8152dbc493d9142f5
    path: .
  path: desktop
- contents:
  - git:
      commitTitle: 'fix: align Taskfile style with other component repos...'
      sha: a0a6c496f30517fc757ea7e0cffacef8accdedcf
    path: .
  path: workstation
kind: LockConfig
