apiVersion: vendir.k14s.io/v1alpha1
directories:
- contents:
  - git:
      commitTitle: Initial commit
      sha: 5a8b8517a0aa7accc3d077424973959db907b1c5
    path: .
  path: base
- contents:
  - git:
      commitTitle: Initial commit
      sha: f93425068e50d2de3dbef83f90b5c618b30742a9
    path: .
  path: shared
- contents:
  - git:
      commitTitle: Initial commit
      sha: 51b19b3a752058d17a9d103e1dd3313faf2328f3
    path: .
  path: server
- contents:
  - git:
      commitTitle: Initial commit
      sha: 2a6043ab94c826d4c256e7d8152dbc493d9142f5
    path: .
  path: desktop
- contents:
  - git:
      commitTitle: Initial commit
      sha: 232ac23e26678934b05071da0d893fa56ab93719
    path: .
  path: workstation
kind: LockConfig
