app/io.github.kolunmi.Bazaar/x86_64/stable	a77e98a7bae3cca176509388110a855a5c23f620c9e8a0f4111f5e7e899add77
app/org.gnome.Calculator/x86_64/stable	83ef900d1ed3f3ff2edfb6e894d4a2120da21848f1bbf16c57d9b1b299c59f5b
app/org.gnome.Calendar/x86_64/stable	f2e677fbdcc96a412ac5b2d0054efc60c1e654079a7bd242d20b65b5ae306826
app/org.gnome.Characters/x86_64/stable	0e34fd570ea1ee60c0cb6589142a393861dbaee6df90ee068aef415185e2cfbd
app/org.gnome.Connections/x86_64/stable	c1ea02bbcaf95b533dcdc32761948ac95b13f0918c3512426305aace665e4046
app/org.gnome.Contacts/x86_64/stable	68bb34c2dd0059b468c958b7401c509a545de984ef72dff3971a00ba83bf4a76
app/org.gnome.Decibels/x86_64/stable	9a16623ae6e08809111aafe2c036a2100ea3ebaa2c9a0372b4460ac2216fab66
app/org.gnome.Epiphany/x86_64/stable	e402204afa650defdff8c7c759eb6a94eb05696dfb859a274f514037bd5acbed
app/org.gnome.Firmware/x86_64/stable	fcbde5774cbb4d14ecaddeeccebfb73e56dae1461fda506a502585c558b41b73
app/org.gnome.Logs/x86_64/stable	277b582eb8747d48a5192e4daabaab6e6f165422f8d6ec3f1055a816fc46fffc
app/org.gnome.Loupe/x86_64/stable	891e9e01bc8536b394b3c60eff3b04d1bdcf1054bc6bb876181558a6fbedf677
app/org.gnome.Maps/x86_64/stable	d3e741828c9f83d7cc62af8f7b3410ff59c0e5ad2394b80fe6f22cfca4a78df5
app/org.gnome.Music/x86_64/stable	1d013461b816b86fa85a2f9fd723aa6b342a345e9470ded28cff786147bcb082
app/org.gnome.Papers/x86_64/stable	74ccf3ce2156c431a59046247e5227f3359c60eeaaa6b0ffbdb67724d9f3d40c
app/org.gnome.Showtime/x86_64/stable	83ef9e8b8115c37618440b2eafcce5c5ae040485b97d1660651cd674a7991edf
app/org.gnome.SimpleScan/x86_64/stable	03a3320a68af5423ec6e18967906f8e7942057e159f554ced7e5d065c18b0d75
app/org.gnome.Snapshot/x86_64/stable	7cc41e5fdc76fd0749a459e7acb1975c043d73ebcb996d8f24e15b60e5c98efe
app/org.gnome.TextEditor/x86_64/stable	37a78f29e6b6f6c01ec1de618f25a07502e1ebdc54ef3d91978e37ef402279ae
app/org.gnome.Weather/x86_64/stable	6562e929cdad259da6bd4b957deb44741e985b47adc5a573db5f3b836413f68f
app/org.gnome.baobab/x86_64/stable	1c02a573e25a8fa812dab4282affe961615773e4ef98071439737c2b4047dda0
app/org.gnome.clocks/x86_64/stable	3acf5d86824f9fca00a06546a62bdc2968a6d133603bfbfab12420df868b0809
app/org.gnome.font-viewer/x86_64/stable	b1407931d2008e4c0144dd6255082537c7dfc64a944c0d4d531e1a6bdaa67f1e
runtime/org.freedesktop.Platform.GL.default/x86_64/25.08	7518f10d5f8fa0ad277c4b39a610a5b0df3117e079aaf40be0c33e040081347f
runtime/org.freedesktop.Platform.GL.default/x86_64/25.08-extra	99b0b3fa4f44d1ef00544da14b398ca156826abefc8b9220fef3338c09a54bf2
runtime/org.freedesktop.Platform.VAAPI.Intel/x86_64/25.08	e417c888751b3651696df5a810a8c28cfcaf1eb972fddc3eb3d5f9fb24b5d168
runtime/org.freedesktop.Platform.codecs-extra/x86_64/25.08-extra	f9201dd9d78ad72de0b9ed951c1f859fb632a6eae8d96887e556d701f0a8a805
runtime/org.gnome.Platform/x86_64/50	f780e089a0b3bfbde2b3d75e5f23d084583c4ca67d4f6c72f70603c06d486ac2
